
Microsoft Visual Studio Solution File, Format Version 12.00
# Visual Studio Version 17
VisualStudioVersion = 17.5.33530.505
MinimumVisualStudioVersion = 10.0.40219.1
Project("{FAE04EC0-301F-11D3-BF4B-00C04F79EFBC}") = "ShapeCalcaulator", "ShapeCalcaulator\ShapeCalcaulator.csproj", "{41402700-7B21-44F7-93DB-6A3ABE6F57F7}"
EndProject
Project("{9A19103F-16F7-4668-BE54-9A1E7A4F7556}") = "ShapeCalculator.Tests", "CalculatorsArea.Tests\ShapeCalculator.Tests.csproj", "{903AC3EA-2A08-42B3-8755-36934B2E0EE1}"
EndProject
Global
	GlobalSection(SolutionConfigurationPlatforms) = preSolution
		Debug|Any CPU = Debug|Any CPU
		Release|Any CPU = Release|Any CPU
	EndGlobalSection
	GlobalSection(ProjectConfigurationPlatforms) = postSolution
		{41402700-7B21-44F7-93DB-6A3ABE6F57F7}.Debug|Any CPU.ActiveCfg = Debug|Any CPU
		{41402700-7B21-44F7-93DB-6A3ABE6F57F7}.Debug|Any CPU.Build.0 = Debug|Any CPU
		{41402700-7B21-44F7-93DB-6A3ABE6F57F7}.Release|Any CPU.ActiveCfg = Release|Any CPU
		{41402700-7B21-44F7-93DB-6A3ABE6F57F7}.Release|Any CPU.Build.0 = Release|Any CPU
		{903AC3EA-2A08-42B3-8755-36934B2E0EE1}.Debug|Any CPU.ActiveCfg = Debug|Any CPU
		{903AC3EA-2A08-42B3-8755-36934B2E0EE1}.Debug|Any CPU.Build.0 = Debug|Any CPU
		{903AC3EA-2A08-42B3-8755-36934B2E0EE1}.Release|Any CPU.ActiveCfg = Release|Any CPU
		{903AC3EA-2A08-42B3-8755-36934B2E0EE1}.Release|Any CPU.Build.0 = Release|Any CPU
	EndGlobalSection
	GlobalSection(SolutionProperties) = preSolution
		HideSolutionNode = FALSE
	EndGlobalSection
	GlobalSection(ExtensibilityGlobals) = postSolution
		SolutionGuid = {51F89818-C6AD-4656-BEFD-C855EAF1F6E1}
	EndGlobalSection
EndGlobal
